
Microsoft Visual Studio Solution File, Format Version 12.00
# Visual Studio Version 16
VisualStudioVersion = 16.0.31205.134
MinimumVisualStudioVersion = 10.0.40219.1
Project("{9A19103F-16F7-4668-BE54-9A1E7A4F7556}") = "APIEquipamento", "FirstApi\APIEquipamento.csproj", "{128C8B66-3006-4F72-86C4-42349915F425}"
EndProject
Global
	GlobalSection(SolutionConfigurationPlatforms) = preSolution
		Debug|Any CPU = Debug|Any CPU
		Release|Any CPU = Release|Any CPU
	EndGlobalSection
	GlobalSection(ProjectConfigurationPlatforms) = postSolution
		{128C8B66-3006-4F72-86C4-42349915F425}.Debug|Any CPU.ActiveCfg = Debug|Any CPU
		{128C8B66-3006-4F72-86C4-42349915F425}.Debug|Any CPU.Build.0 = Debug|Any CPU
		{128C8B66-3006-4F72-86C4-42349915F425}.Release|Any CPU.ActiveCfg = Release|Any CPU
		{128C8B66-3006-4F72-86C4-42349915F425}.Release|Any CPU.Build.0 = Release|Any CPU
	EndGlobalSection
	GlobalSection(SolutionProperties) = preSolution
		HideSolutionNode = FALSE
	EndGlobalSection
	GlobalSection(ExtensibilityGlobals) = postSolution
		SolutionGuid = {48069B69-DCEC-4DAD-9923-18AA4082B4BE}
	EndGlobalSection
EndGlobal
